
Microsoft Visual Studio Solution File, Format Version 12.00
# Visual Studio Version 17
VisualStudioVersion = 17.0.31903.59
MinimumVisualStudioVersion = 10.0.40219.1
Project("{2150E333-8FDC-42A3-9474-1A3956D46DE8}") = "src", "src", "{827E0CD3-B72D-47B6-A68D-7590B98EB39B}"
EndProject
Project("{FAE04EC0-301F-11D3-BF4B-00C04F79EFBC}") = "DatabaseDeletor.Domain", "src\DatabaseDeletor.Domain\DatabaseDeletor.Domain.csproj", "{9E0DC22A-6A85-4E72-9DBD-1670983677C3}"
EndProject
Project("{FAE04EC0-301F-11D3-BF4B-00C04F79EFBC}") = "DatabaseDeletor.Application", "src\DatabaseDeletor.Application\DatabaseDeletor.Application.csproj", "{A7E86246-1C97-4681-9BFF-1B58F072D056}"
EndProject
Project("{FAE04EC0-301F-11D3-BF4B-00C04F79EFBC}") = "DatabaseDeletor.Infrastructure", "src\DatabaseDeletor.Infrastructure\DatabaseDeletor.Infrastructure.csproj", "{D5554127-2833-45B5-B00B-6839A8C36693}"
EndProject
Project("{FAE04EC0-301F-11D3-BF4B-00C04F79EFBC}") = "DatabaseDeletor.Cli", "src\DatabaseDeletor.Cli\DatabaseDeletor.Cli.csproj", "{EA0CF8FB-4866-498E-8B1D-D89568BE96E6}"
EndProject
Project("{FAE04EC0-301F-11D3-BF4B-00C04F79EFBC}") = "DatabaseDeletor.Api", "src\DatabaseDeletor.Api\DatabaseDeletor.Api.csproj", "{07CB53E1-DDDB-43E9-BBBF-5FB0C71301F6}"
EndProject
Project("{2150E333-8FDC-42A3-9474-1A3956D46DE8}") = "tests", "tests", "{0AB3BF05-4346-4AA6-1389-037BE0695223}"
EndProject
Project("{FAE04EC0-301F-11D3-BF4B-00C04F79EFBC}") = "DatabaseDeletor.Domain.Tests", "tests\DatabaseDeletor.Domain.Tests\DatabaseDeletor.Domain.Tests.csproj", "{455BE9B3-A3FF-4DD8-B213-077BD4438D3A}"
EndProject
Project("{FAE04EC0-301F-11D3-BF4B-00C04F79EFBC}") = "DatabaseDeletor.Application.Tests", "tests\DatabaseDeletor.Application.Tests\DatabaseDeletor.Application.Tests.csproj", "{35E51899-9CAA-44C6-A64D-361091D228DD}"
EndProject
Project("{FAE04EC0-301F-11D3-BF4B-00C04F79EFBC}") = "DatabaseDeletor.Infrastructure.Tests", "tests\DatabaseDeletor.Infrastructure.Tests\DatabaseDeletor.Infrastructure.Tests.csproj", "{A02FCB9B-F44C-4DD6-95C4-2300E000D14E}"
EndProject
Project("{FAE04EC0-301F-11D3-BF4B-00C04F79EFBC}") = "DatabaseDeletor.Cli.Tests", "tests\DatabaseDeletor.Cli.Tests\DatabaseDeletor.Cli.Tests.csproj", "{7BC2D8D8-4A8E-4B51-BAD6-6C02E10C5251}"
EndProject
Project("{FAE04EC0-301F-11D3-BF4B-00C04F79EFBC}") = "DatabaseDeletor.Api.Tests", "tests\DatabaseDeletor.Api.Tests\DatabaseDeletor.Api.Tests.csproj", "{4420EBBA-6DF9-48B1-BDAD-0D54A8D03ADF}"
EndProject
Project("{FAE04EC0-301F-11D3-BF4B-00C04F79EFBC}") = "DatabaseDeletor.Desktop", "src\DatabaseDeletor.Desktop\DatabaseDeletor.Desktop.csproj", "{93FEA295-77B4-413C-8EDB-881F44A34915}"
EndProject
Global
	GlobalSection(SolutionConfigurationPlatforms) = preSolution
		Debug|Any CPU = Debug|Any CPU
		Debug|x64 = Debug|x64
		Debug|x86 = Debug|x86
		Release|Any CPU = Release|Any CPU
		Release|x64 = Release|x64
		Release|x86 = Release|x86
	EndGlobalSection
	GlobalSection(ProjectConfigurationPlatforms) = postSolution
		{9E0DC22A-6A85-4E72-9DBD-1670983677C3}.Debug|Any CPU.ActiveCfg = Debug|Any CPU
		{9E0DC22A-6A85-4E72-9DBD-1670983677C3}.Debug|Any CPU.Build.0 = Debug|Any CPU
		{9E0DC22A-6A85-4E72-9DBD-1670983677C3}.Debug|x64.ActiveCfg = Debug|Any CPU
		{9E0DC22A-6A85-4E72-9DBD-1670983677C3}.Debug|x64.Build.0 = Debug|Any CPU
		{9E0DC22A-6A85-4E72-9DBD-1670983677C3}.Debug|x86.ActiveCfg = Debug|Any CPU
		{9E0DC22A-6A85-4E72-9DBD-1670983677C3}.Debug|x86.Build.0 = Debug|Any CPU
		{9E0DC22A-6A85-4E72-9DBD-1670983677C3}.Release|Any CPU.ActiveCfg = Release|Any CPU
		{9E0DC22A-6A85-4E72-9DBD-1670983677C3}.Release|Any CPU.Build.0 = Release|Any CPU
		{9E0DC22A-6A85-4E72-9DBD-1670983677C3}.Release|x64.ActiveCfg = Release|Any CPU
		{9E0DC22A-6A85-4E72-9DBD-1670983677C3}.Release|x64.Build.0 = Release|Any CPU
		{9E0DC22A-6A85-4E72-9DBD-1670983677C3}.Release|x86.ActiveCfg = Release|Any CPU
		{9E0DC22A-6A85-4E72-9DBD-1670983677C3}.Release|x86.Build.0 = Release|Any CPU
		{A7E86246-1C97-4681-9BFF-1B58F072D056}.Debug|Any CPU.ActiveCfg = Debug|Any CPU
		{A7E86246-1C97-4681-9BFF-1B58F072D056}.Debug|Any CPU.Build.0 = Debug|Any CPU
		{A7E86246-1C97-4681-9BFF-1B58F072D056}.Debug|x64.ActiveCfg = Debug|Any CPU
		{A7E86246-1C97-4681-9BFF-1B58F072D056}.Debug|x64.Build.0 = Debug|Any CPU
		{A7E86246-1C97-4681-9BFF-1B58F072D056}.Debug|x86.ActiveCfg = Debug|Any CPU
		{A7E86246-1C97-4681-9BFF-1B58F072D056}.Debug|x86.Build.0 = Debug|Any CPU
		{A7E86246-1C97-4681-9BFF-1B58F072D056}.Release|Any CPU.ActiveCfg = Release|Any CPU
		{A7E86246-1C97-4681-9BFF-1B58F072D056}.Release|Any CPU.Build.0 = Release|Any CPU
		{A7E86246-1C97-4681-9BFF-1B58F072D056}.Release|x64.ActiveCfg = Release|Any CPU
		{A7E86246-1C97-4681-9BFF-1B58F072D056}.Release|x64.Build.0 = Release|Any CPU
		{A7E86246-1C97-4681-9BFF-1B58F072D056}.Release|x86.ActiveCfg = Release|Any CPU
		{A7E86246-1C97-4681-9BFF-1B58F072D056}.Release|x86.Build.0 = Release|Any CPU
		{D5554127-2833-45B5-B00B-6839A8C36693}.Debug|Any CPU.ActiveCfg = Debug|Any CPU
		{D5554127-2833-45B5-B00B-6839A8C36693}.Debug|Any CPU.Build.0 = Debug|Any CPU
		{D5554127-2833-45B5-B00B-6839A8C36693}.Debug|x64.ActiveCfg = Debug|Any CPU
		{D5554127-2833-45B5-B00B-6839A8C36693}.Debug|x64.Build.0 = Debug|Any CPU
		{D5554127-2833-45B5-B00B-6839A8C36693}.Debug|x86.ActiveCfg = Debug|Any CPU
		{D5554127-2833-45B5-B00B-6839A8C36693}.Debug|x86.Build.0 = Debug|Any CPU
		{D5554127-2833-45B5-B00B-6839A8C36693}.Release|Any CPU.ActiveCfg = Release|Any CPU
		{D5554127-2833-45B5-B00B-6839A8C36693}.Release|Any CPU.Build.0 = Release|Any CPU
		{D5554127-2833-45B5-B00B-6839A8C36693}.Release|x64.ActiveCfg = Release|Any CPU
		{D5554127-2833-45B5-B00B-6839A8C36693}.Release|x64.Build.0 = Release|Any CPU
		{D5554127-2833-45B5-B00B-6839A8C36693}.Release|x86.ActiveCfg = Release|Any CPU
		{D5554127-2833-45B5-B00B-6839A8C36693}.Release|x86.Build.0 = Release|Any CPU
		{EA0CF8FB-4866-498E-8B1D-D89568BE96E6}.Debug|Any CPU.ActiveCfg = Debug|Any CPU
		{EA0CF8FB-4866-498E-8B1D-D89568BE96E6}.Debug|Any CPU.Build.0 = Debug|Any CPU
		{EA0CF8FB-4866-498E-8B1D-D89568BE96E6}.Debug|x64.ActiveCfg = Debug|Any CPU
		{EA0CF8FB-4866-498E-8B1D-D89568BE96E6}.Debug|x64.Build.0 = Debug|Any CPU
		{EA0CF8FB-4866-498E-8B1D-D89568BE96E6}.Debug|x86.ActiveCfg = Debug|Any CPU
		{EA0CF8FB-4866-498E-8B1D-D89568BE96E6}.Debug|x86.Build.0 = Debug|Any CPU
		{EA0CF8FB-4866-498E-8B1D-D89568BE96E6}.Release|Any CPU.ActiveCfg = Release|Any CPU
		{EA0CF8FB-4866-498E-8B1D-D89568BE96E6}.Release|Any CPU.Build.0 = Release|Any CPU
		{EA0CF8FB-4866-498E-8B1D-D89568BE96E6}.Release|x64.ActiveCfg = Release|Any CPU
		{EA0CF8FB-4866-498E-8B1D-D89568BE96E6}.Release|x64.Build.0 = Release|Any CPU
		{EA0CF8FB-4866-498E-8B1D-D89568BE96E6}.Release|x86.ActiveCfg = Release|Any CPU
		{EA0CF8FB-4866-498E-8B1D-D89568BE96E6}.Release|x86.Build.0 = Release|Any CPU
		{07CB53E1-DDDB-43E9-BBBF-5FB0C71301F6}.Debug|Any CPU.ActiveCfg = Debug|Any CPU
		{07CB53E1-DDDB-43E9-BBBF-5FB0C71301F6}.Debug|Any CPU.Build.0 = Debug|Any CPU
		{07CB53E1-DDDB-43E9-BBBF-5FB0C71301F6}.Debug|x64.ActiveCfg = Debug|Any CPU
		{07CB53E1-DDDB-43E9-BBBF-5FB0C71301F6}.Debug|x64.Build.0 = Debug|Any CPU
		{07CB53E1-DDDB-43E9-BBBF-5FB0C71301F6}.Debug|x86.ActiveCfg = Debug|Any CPU
		{07CB53E1-DDDB-43E9-BBBF-5FB0C71301F6}.Debug|x86.Build.0 = Debug|Any CPU
		{07CB53E1-DDDB-43E9-BBBF-5FB0C71301F6}.Release|Any CPU.ActiveCfg = Release|Any CPU
		{07CB53E1-DDDB-43E9-BBBF-5FB0C71301F6}.Release|Any CPU.Build.0 = Release|Any CPU
		{07CB53E1-DDDB-43E9-BBBF-5FB0C71301F6}.Release|x64.ActiveCfg = Release|Any CPU
		{07CB53E1-DDDB-43E9-BBBF-5FB0C71301F6}.Release|x64.Build.0 = Release|Any CPU
		{07CB53E1-DDDB-43E9-BBBF-5FB0C71301F6}.Release|x86.ActiveCfg = Release|Any CPU
		{07CB53E1-DDDB-43E9-BBBF-5FB0C71301F6}.Release|x86.Build.0 = Release|Any CPU
		{455BE9B3-A3FF-4DD8-B213-077BD4438D3A}.Debug|Any CPU.ActiveCfg = Debug|Any CPU
		{455BE9B3-A3FF-4DD8-B213-077BD4438D3A}.Debug|Any CPU.Build.0 = Debug|Any CPU
		{455BE9B3-A3FF-4DD8-B213-077BD4438D3A}.Debug|x64.ActiveCfg = Debug|Any CPU
		{455BE9B3-A3FF-4DD8-B213-077BD4438D3A}.Debug|x64.Build.0 = Debug|Any CPU
		{455BE9B3-A3FF-4DD8-B213-077BD4438D3A}.Debug|x86.ActiveCfg = Debug|Any CPU
		{455BE9B3-A3FF-4DD8-B213-077BD4438D3A}.Debug|x86.Build.0 = Debug|Any CPU
		{455BE9B3-A3FF-4DD8-B213-077BD4438D3A}.Release|Any CPU.ActiveCfg = Release|Any CPU
		{455BE9B3-A3FF-4DD8-B213-077BD4438D3A}.Release|Any CPU.Build.0 = Release|Any CPU
		{455BE9B3-A3FF-4DD8-B213-077BD4438D3A}.Release|x64.ActiveCfg = Release|Any CPU
		{455BE9B3-A3FF-4DD8-B213-077BD4438D3A}.Release|x64.Build.0 = Release|Any CPU
		{455BE9B3-A3FF-4DD8-B213-077BD4438D3A}.Release|x86.ActiveCfg = Release|Any CPU
		{455BE9B3-A3FF-4DD8-B213-077BD4438D3A}.Release|x86.Build.0 = Release|Any CPU
		{35E51899-9CAA-44C6-A64D-361091D228DD}.Debug|Any CPU.ActiveCfg = Debug|Any CPU
		{35E51899-9CAA-44C6-A64D-361091D228DD}.Debug|Any CPU.Build.0 = Debug|Any CPU
		{35E51899-9CAA-44C6-A64D-361091D228DD}.Debug|x64.ActiveCfg = Debug|Any CPU
		{35E51899-9CAA-44C6-A64D-361091D228DD}.Debug|x64.Build.0 = Debug|Any CPU
		{35E51899-9CAA-44C6-A64D-361091D228DD}.Debug|x86.ActiveCfg = Debug|Any CPU
		{35E51899-9CAA-44C6-A64D-361091D228DD}.Debug|x86.Build.0 = Debug|Any CPU
		{35E51899-9CAA-44C6-A64D-361091D228DD}.Release|Any CPU.ActiveCfg = Release|Any CPU
		{35E51899-9CAA-44C6-A64D-361091D228DD}.Release|Any CPU.Build.0 = Release|Any CPU
		{35E51899-9CAA-44C6-A64D-361091D228DD}.Release|x64.ActiveCfg = Release|Any CPU
		{35E51899-9CAA-44C6-A64D-361091D228DD}.Release|x64.Build.0 = Release|Any CPU
		{35E51899-9CAA-44C6-A64D-361091D228DD}.Release|x86.ActiveCfg = Release|Any CPU
		{35E51899-9CAA-44C6-A64D-361091D228DD}.Release|x86.Build.0 = Release|Any CPU
		{A02FCB9B-F44C-4DD6-95C4-2300E000D14E}.Debug|Any CPU.ActiveCfg = Debug|Any CPU
		{A02FCB9B-F44C-4DD6-95C4-2300E000D14E}.Debug|Any CPU.Build.0 = Debug|Any CPU
		{A02FCB9B-F44C-4DD6-95C4-2300E000D14E}.Debug|x64.ActiveCfg = Debug|Any CPU
		{A02FCB9B-F44C-4DD6-95C4-2300E000D14E}.Debug|x64.Build.0 = Debug|Any CPU
		{A02FCB9B-F44C-4DD6-95C4-2300E000D14E}.Debug|x86.ActiveCfg = Debug|Any CPU
		{A02FCB9B-F44C-4DD6-95C4-2300E000D14E}.Debug|x86.Build.0 = Debug|Any CPU
		{A02FCB9B-F44C-4DD6-95C4-2300E000D14E}.Release|Any CPU.ActiveCfg = Release|Any CPU
		{A02FCB9B-F44C-4DD6-95C4-2300E000D14E}.Release|Any CPU.Build.0 = Release|Any CPU
		{A02FCB9B-F44C-4DD6-95C4-2300E000D14E}.Release|x64.ActiveCfg = Release|Any CPU
		{A02FCB9B-F44C-4DD6-95C4-2300E000D14E}.Release|x64.Build.0 = Release|Any CPU
		{A02FCB9B-F44C-4DD6-95C4-2300E000D14E}.Release|x86.ActiveCfg = Release|Any CPU
		{A02FCB9B-F44C-4DD6-95C4-2300E000D14E}.Release|x86.Build.0 = Release|Any CPU
		{7BC2D8D8-4A8E-4B51-BAD6-6C02E10C5251}.Debug|Any CPU.ActiveCfg = Debug|Any CPU
		{7BC2D8D8-4A8E-4B51-BAD6-6C02E10C5251}.Debug|Any CPU.Build.0 = Debug|Any CPU
		{7BC2D8D8-4A8E-4B51-BAD6-6C02E10C5251}.Debug|x64.ActiveCfg = Debug|Any CPU
		{7BC2D8D8-4A8E-4B51-BAD6-6C02E10C5251}.Debug|x64.Build.0 = Debug|Any CPU
		{7BC2D8D8-4A8E-4B51-BAD6-6C02E10C5251}.Debug|x86.ActiveCfg = Debug|Any CPU
		{7BC2D8D8-4A8E-4B51-BAD6-6C02E10C5251}.Debug|x86.Build.0 = Debug|Any CPU
		{7BC2D8D8-4A8E-4B51-BAD6-6C02E10C5251}.Release|Any CPU.ActiveCfg = Release|Any CPU
		{7BC2D8D8-4A8E-4B51-BAD6-6C02E10C5251}.Release|Any CPU.Build.0 = Release|Any CPU
		{7BC2D8D8-4A8E-4B51-BAD6-6C02E10C5251}.Release|x64.ActiveCfg = Release|Any CPU
		{7BC2D8D8-4A8E-4B51-BAD6-6C02E10C5251}.Release|x64.Build.0 = Release|Any CPU
		{7BC2D8D8-4A8E-4B51-BAD6-6C02E10C5251}.Release|x86.ActiveCfg = Release|Any CPU
		{7BC2D8D8-4A8E-4B51-BAD6-6C02E10C5251}.Release|x86.Build.0 = Release|Any CPU
		{4420EBBA-6DF9-48B1-BDAD-0D54A8D03ADF}.Debug|Any CPU.ActiveCfg = Debug|Any CPU
		{4420EBBA-6DF9-48B1-BDAD-0D54A8D03ADF}.Debug|Any CPU.Build.0 = Debug|Any CPU
		{4420EBBA-6DF9-48B1-BDAD-0D54A8D03ADF}.Debug|x64.ActiveCfg = Debug|Any CPU
		{4420EBBA-6DF9-48B1-BDAD-0D54A8D03ADF}.Debug|x64.Build.0 = Debug|Any CPU
		{4420EBBA-6DF9-48B1-BDAD-0D54A8D03ADF}.Debug|x86.ActiveCfg = Debug|Any CPU
		{4420EBBA-6DF9-48B1-BDAD-0D54A8D03ADF}.Debug|x86.Build.0 = Debug|Any CPU
		{4420EBBA-6DF9-48B1-BDAD-0D54A8D03ADF}.Release|Any CPU.ActiveCfg = Release|Any CPU
		{4420EBBA-6DF9-48B1-BDAD-0D54A8D03ADF}.Release|Any CPU.Build.0 = Release|Any CPU
		{4420EBBA-6DF9-48B1-BDAD-0D54A8D03ADF}.Release|x64.ActiveCfg = Release|Any CPU
		{4420EBBA-6DF9-48B1-BDAD-0D54A8D03ADF}.Release|x64.Build.0 = Release|Any CPU
		{4420EBBA-6DF9-48B1-BDAD-0D54A8D03ADF}.Release|x86.ActiveCfg = Release|Any CPU
		{4420EBBA-6DF9-48B1-BDAD-0D54A8D03ADF}.Release|x86.Build.0 = Release|Any CPU
		{93FEA295-77B4-413C-8EDB-881F44A34915}.Debug|Any CPU.ActiveCfg = Debug|Any CPU
		{93FEA295-77B4-413C-8EDB-881F44A34915}.Debug|Any CPU.Build.0 = Debug|Any CPU
		{93FEA295-77B4-413C-8EDB-881F44A34915}.Debug|x64.ActiveCfg = Debug|Any CPU
		{93FEA295-77B4-413C-8EDB-881F44A34915}.Debug|x64.Build.0 = Debug|Any CPU
		{93FEA295-77B4-413C-8EDB-881F44A34915}.Debug|x86.ActiveCfg = Debug|Any CPU
		{93FEA295-77B4-413C-8EDB-881F44A34915}.Debug|x86.Build.0 = Debug|Any CPU
		{93FEA295-77B4-413C-8EDB-881F44A34915}.Release|Any CPU.ActiveCfg = Release|Any CPU
		{93FEA295-77B4-413C-8EDB-881F44A34915}.Release|Any CPU.Build.0 = Release|Any CPU
		{93FEA295-77B4-413C-8EDB-881F44A34915}.Release|x64.ActiveCfg = Release|Any CPU
		{93FEA295-77B4-413C-8EDB-881F44A34915}.Release|x64.Build.0 = Release|Any CPU
		{93FEA295-77B4-413C-8EDB-881F44A34915}.Release|x86.ActiveCfg = Release|Any CPU
		{93FEA295-77B4-413C-8EDB-881F44A34915}.Release|x86.Build.0 = Release|Any CPU
	EndGlobalSection
	GlobalSection(SolutionProperties) = preSolution
		HideSolutionNode = FALSE
	EndGlobalSection
	GlobalSection(NestedProjects) = preSolution
		{9E0DC22A-6A85-4E72-9DBD-1670983677C3} = {827E0CD3-B72D-47B6-A68D-7590B98EB39B}
		{A7E86246-1C97-4681-9BFF-1B58F072D056} = {827E0CD3-B72D-47B6-A68D-7590B98EB39B}
		{D5554127-2833-45B5-B00B-6839A8C36693} = {827E0CD3-B72D-47B6-A68D-7590B98EB39B}
		{EA0CF8FB-4866-498E-8B1D-D89568BE96E6} = {827E0CD3-B72D-47B6-A68D-7590B98EB39B}
		{07CB53E1-DDDB-43E9-BBBF-5FB0C71301F6} = {827E0CD3-B72D-47B6-A68D-7590B98EB39B}
		{455BE9B3-A3FF-4DD8-B213-077BD4438D3A} = {0AB3BF05-4346-4AA6-1389-037BE0695223}
		{35E51899-9CAA-44C6-A64D-361091D228DD} = {0AB3BF05-4346-4AA6-1389-037BE0695223}
		{A02FCB9B-F44C-4DD6-95C4-2300E000D14E} = {0AB3BF05-4346-4AA6-1389-037BE0695223}
		{7BC2D8D8-4A8E-4B51-BAD6-6C02E10C5251} = {0AB3BF05-4346-4AA6-1389-037BE0695223}
		{4420EBBA-6DF9-48B1-BDAD-0D54A8D03ADF} = {0AB3BF05-4346-4AA6-1389-037BE0695223}
		{93FEA295-77B4-413C-8EDB-881F44A34915} = {827E0CD3-B72D-47B6-A68D-7590B98EB39B}
	EndGlobalSection
EndGlobal
